
Microsoft Visual Studio Solution File, Format Version 12.00
# Visual Studio 14
VisualStudioVersion = 14.0.23107.0
MinimumVisualStudioVersion = 10.0.40219.1
Project("{FAE04EC0-301F-11D3-BF4B-00C04F79EFBC}") = "Latihan_1", "Latihan_1\Latihan_1.csproj", "{1299B739-0146-48A6-8CEF-2CEA6A161F31}"
EndProject
Project("{FAE04EC0-301F-11D3-BF4B-00C04F79EFBC}") = "testa", "testa\testa.csproj", "{D4899541-A149-4056-BC07-EAE59F685349}"
EndProject
Project("{FAE04EC0-301F-11D3-BF4B-00C04F79EFBC}") = "Latihan_2", "Latihan_2\Latihan_2.csproj", "{4E9A5E74-3DC9-4EBB-A3CA-3BF35D5243A6}"
EndProject
Global
	GlobalSection(SolutionConfigurationPlatforms) = preSolution
		Debug|Any CPU = Debug|Any CPU
		Release|Any CPU = Release|Any CPU
	EndGlobalSection
	GlobalSection(ProjectConfigurationPlatforms) = postSolution
		{1299B739-0146-48A6-8CEF-2CEA6A161F31}.Debug|Any CPU.ActiveCfg = Debug|Any CPU
		{1299B739-0146-48A6-8CEF-2CEA6A161F31}.Debug|Any CPU.Build.0 = Debug|Any CPU
		{1299B739-0146-48A6-8CEF-2CEA6A161F31}.Release|Any CPU.ActiveCfg = Release|Any CPU
		{1299B739-0146-48A6-8CEF-2CEA6A161F31}.Release|Any CPU.Build.0 = Release|Any CPU
		{D4899541-A149-4056-BC07-EAE59F685349}.Debug|Any CPU.ActiveCfg = Debug|Any CPU
		{D4899541-A149-4056-BC07-EAE59F685349}.Debug|Any CPU.Build.0 = Debug|Any CPU
		{D4899541-A149-4056-BC07-EAE59F685349}.Release|Any CPU.ActiveCfg = Release|Any CPU
		{D4899541-A149-4056-BC07-EAE59F685349}.Release|Any CPU.Build.0 = Release|Any CPU
		{4E9A5E74-3DC9-4EBB-A3CA-3BF35D5243A6}.Debug|Any CPU.ActiveCfg = Debug|Any CPU
		{4E9A5E74-3DC9-4EBB-A3CA-3BF35D5243A6}.Debug|Any CPU.Build.0 = Debug|Any CPU
		{4E9A5E74-3DC9-4EBB-A3CA-3BF35D5243A6}.Release|Any CPU.ActiveCfg = Release|Any CPU
		{4E9A5E74-3DC9-4EBB-A3CA-3BF35D5243A6}.Release|Any CPU.Build.0 = Release|Any CPU
	EndGlobalSection
	GlobalSection(SolutionProperties) = preSolution
		HideSolutionNode = FALSE
	EndGlobalSection
EndGlobal
